
Microsoft Visual Studio Solution File, Format Version 12.00
# Visual Studio Version 17
VisualStudioVersion = 17.5.002.0
MinimumVisualStudioVersion = 10.0.40219.1
Project("{9A19103F-16F7-4668-BE54-9A1E7A4F7556}") = "ArrayMultiReadline", "ArrayMultiReadline.csproj", "{2654BC3C-CB76-4ADF-9793-3BCDF548561E}"
EndProject
Global
	GlobalSection(SolutionConfigurationPlatforms) = preSolution
		Debug|Any CPU = Debug|Any CPU
		Release|Any CPU = Release|Any CPU
	EndGlobalSection
	GlobalSection(ProjectConfigurationPlatforms) = postSolution
		{2654BC3C-CB76-4ADF-9793-3BCDF548561E}.Debug|Any CPU.ActiveCfg = Debug|Any CPU
		{2654BC3C-CB76-4ADF-9793-3BCDF548561E}.Debug|Any CPU.Build.0 = Debug|Any CPU
		{2654BC3C-CB76-4ADF-9793-3BCDF548561E}.Release|Any CPU.ActiveCfg = Release|Any CPU
		{2654BC3C-CB76-4ADF-9793-3BCDF548561E}.Release|Any CPU.Build.0 = Release|Any CPU
	EndGlobalSection
	GlobalSection(SolutionProperties) = preSolution
		HideSolutionNode = FALSE
	EndGlobalSection
	GlobalSection(ExtensibilityGlobals) = postSolution
		SolutionGuid = {4B1868C4-916B-4C7A-9C59-CC550B18E525}
	EndGlobalSection
EndGlobal
