
Microsoft Visual Studio Solution File, Format Version 12.00
# Visual Studio Version 17
VisualStudioVersion = 17.5.002.0
MinimumVisualStudioVersion = 10.0.40219.1
Project("{9A19103F-16F7-4668-BE54-9A1E7A4F7556}") = "Thamtri", "Thamtri.csproj", "{3B8C17BB-3D36-490B-888C-3C0455F7FB38}"
EndProject
Global
	GlobalSection(SolutionConfigurationPlatforms) = preSolution
		Debug|Any CPU = Debug|Any CPU
		Release|Any CPU = Release|Any CPU
	EndGlobalSection
	GlobalSection(ProjectConfigurationPlatforms) = postSolution
		{3B8C17BB-3D36-490B-888C-3C0455F7FB38}.Debug|Any CPU.ActiveCfg = Debug|Any CPU
		{3B8C17BB-3D36-490B-888C-3C0455F7FB38}.Debug|Any CPU.Build.0 = Debug|Any CPU
		{3B8C17BB-3D36-490B-888C-3C0455F7FB38}.Release|Any CPU.ActiveCfg = Release|Any CPU
		{3B8C17BB-3D36-490B-888C-3C0455F7FB38}.Release|Any CPU.Build.0 = Release|Any CPU
	EndGlobalSection
	GlobalSection(SolutionProperties) = preSolution
		HideSolutionNode = FALSE
	EndGlobalSection
	GlobalSection(ExtensibilityGlobals) = postSolution
		SolutionGuid = {A7CC2691-8153-4C0C-9453-0AE2D0992E07}
	EndGlobalSection
EndGlobal
