
Microsoft Visual Studio Solution File, Format Version 12.00
# Visual Studio Version 17
VisualStudioVersion = 17.5.002.0
MinimumVisualStudioVersion = 10.0.40219.1
Project("{9A19103F-16F7-4668-BE54-9A1E7A4F7556}") = "DrawConsole", "DrawConsole.csproj", "{8F708664-4336-4B8F-9337-ACC93791BF68}"
EndProject
Global
	GlobalSection(SolutionConfigurationPlatforms) = preSolution
		Debug|Any CPU = Debug|Any CPU
		Release|Any CPU = Release|Any CPU
	EndGlobalSection
	GlobalSection(ProjectConfigurationPlatforms) = postSolution
		{8F708664-4336-4B8F-9337-ACC93791BF68}.Debug|Any CPU.ActiveCfg = Debug|Any CPU
		{8F708664-4336-4B8F-9337-ACC93791BF68}.Debug|Any CPU.Build.0 = Debug|Any CPU
		{8F708664-4336-4B8F-9337-ACC93791BF68}.Release|Any CPU.ActiveCfg = Release|Any CPU
		{8F708664-4336-4B8F-9337-ACC93791BF68}.Release|Any CPU.Build.0 = Release|Any CPU
	EndGlobalSection
	GlobalSection(SolutionProperties) = preSolution
		HideSolutionNode = FALSE
	EndGlobalSection
	GlobalSection(ExtensibilityGlobals) = postSolution
		SolutionGuid = {10C88687-1D33-4396-B8AD-10B5B8ED0D22}
	EndGlobalSection
EndGlobal
