
Microsoft Visual Studio Solution File, Format Version 12.00
# Visual Studio Version 17
VisualStudioVersion = 17.5.002.0
MinimumVisualStudioVersion = 10.0.40219.1
Project("{9A19103F-16F7-4668-BE54-9A1E7A4F7556}") = "OrderArray", "OrderArray.csproj", "{6B62B949-5B02-4ADA-8945-A61492DF0823}"
EndProject
Global
	GlobalSection(SolutionConfigurationPlatforms) = preSolution
		Debug|Any CPU = Debug|Any CPU
		Release|Any CPU = Release|Any CPU
	EndGlobalSection
	GlobalSection(ProjectConfigurationPlatforms) = postSolution
		{6B62B949-5B02-4ADA-8945-A61492DF0823}.Debug|Any CPU.ActiveCfg = Debug|Any CPU
		{6B62B949-5B02-4ADA-8945-A61492DF0823}.Debug|Any CPU.Build.0 = Debug|Any CPU
		{6B62B949-5B02-4ADA-8945-A61492DF0823}.Release|Any CPU.ActiveCfg = Release|Any CPU
		{6B62B949-5B02-4ADA-8945-A61492DF0823}.Release|Any CPU.Build.0 = Release|Any CPU
	EndGlobalSection
	GlobalSection(SolutionProperties) = preSolution
		HideSolutionNode = FALSE
	EndGlobalSection
	GlobalSection(ExtensibilityGlobals) = postSolution
		SolutionGuid = {CBA19544-893B-4A53-90AD-C5C2E244B136}
	EndGlobalSection
EndGlobal
